
Microsoft Visual Studio Solution File, Format Version 12.00
# Visual Studio Version 17
VisualStudioVersion = 17.13.35828.75 d17.13
MinimumVisualStudioVersion = 10.0.40219.1
Project("{FAE04EC0-301F-11D3-BF4B-00C04F79EFBC}") = "OrderProcessing", "OrderProcessing\OrderProcessing.csproj", "{6CB31EEF-6B87-4269-985E-2CCEFE2B0F50}"
EndProject
Global
	GlobalSection(SolutionConfigurationPlatforms) = preSolution
		Debug|Any CPU = Debug|Any CPU
		Release|Any CPU = Release|Any CPU
	EndGlobalSection
	GlobalSection(ProjectConfigurationPlatforms) = postSolution
		{6CB31EEF-6B87-4269-985E-2CCEFE2B0F50}.Debug|Any CPU.ActiveCfg = Debug|Any CPU
		{6CB31EEF-6B87-4269-985E-2CCEFE2B0F50}.Debug|Any CPU.Build.0 = Debug|Any CPU
		{6CB31EEF-6B87-4269-985E-2CCEFE2B0F50}.Release|Any CPU.ActiveCfg = Release|Any CPU
		{6CB31EEF-6B87-4269-985E-2CCEFE2B0F50}.Release|Any CPU.Build.0 = Release|Any CPU
	EndGlobalSection
	GlobalSection(SolutionProperties) = preSolution
		HideSolutionNode = FALSE
	EndGlobalSection
	GlobalSection(ExtensibilityGlobals) = postSolution
		SolutionGuid = {C78952ED-D505-441F-A196-AC1457F3C073}
	EndGlobalSection
EndGlobal
